// !$*UTF8*$!
{
	archiveVersion = 1;
	classes = {
	};
	objectVersion = 46;
	objects = {
		7CBD3B9FD097CFBDA2A83468 = {
			isa = PBXBuildFile;
			fileRef = 07EEEC68B92336BE272CDC3E;
		};
		6EC2A427473720B59488B99E = {
			isa = PBXBuildFile;
			fileRef = C475EE12587C15C9223CA3EB;
		};
		26DB8FB00E263A58753529CB = {
			isa = PBXBuildFile;
			fileRef = EF6D4CD03742CA13669D205C;
		};
		F41446A744F3EE353782E35D = {
			isa = PBXBuildFile;
			fileRef = 67B1FD6799D74E2B3E236D5F;
		};
		D113FAB490B28B48491321BF = {
			isa = PBXBuildFile;
			fileRef = 633C9A242FB18F349739AF57;
		};
		8B7262FF22923D852F3E4D6F = {
			isa = PBXBuildFile;
			fileRef = F7173B84641FC12FE3E8ABA5;
		};
		5D8ADE06FB1AF4167C37B700 = {
			isa = PBXBuildFile;
			fileRef = 88DD9BFB1874CF8D685CBDF9;
		};
		1EBED048C5DDA514952A41B4 = {
			isa = PBXBuildFile;
			fileRef = 7192D37C17A7B8FE607A8E52;
		};
		2A1FD8741FE7EE4FC9C50121 = {
			isa = PBXBuildFile;
			fileRef = C17AFF4DF847E91FC9C73908;
		};
		267FD705E6EE3115182FE6F1 = {
			isa = PBXBuildFile;
			fileRef = E6D8C38D29598A223A3920F5;
		};
		133C31803932C8C6E2E16ED7 = {
			isa = PBXBuildFile;
			fileRef = 4891742742A6A5EAE13FD987;
		};
		B775E6AA428B56B3C2FE8244 = {
			isa = PBXBuildFile;
			fileRef = 3830F78E8AD4BBC303AD1052;
		};
		F694E0B72318FE01C352031E = {
			isa = PBXBuildFile;
			fileRef = 72D33907B5D0F9D03332F7D7;
		};
		4245A28C956C731E8DD3E6BD = {
			isa = PBXBuildFile;
			fileRef = B9F09D58D89CAF94EFD66202;
		};
		0AD234D645BADEA6562440C5 = {
			isa = PBXBuildFile;
			fileRef = 78C7D8A07849FAA9C891E1CA;
		};
		B4DA6591EE2925051A61B1AD = {
			isa = PBXBuildFile;
			fileRef = 3C71415DAA392D1B8F41E79F;
		};
		D9C2E85B96D5D4B408B4A6DF = {
			isa = PBXBuildFile;
			fileRef = 03BD43C7CD6EC1894B687C6A;
		};
		A441A3B6016421F65FCDAF57 = {
			isa = PBXBuildFile;
			fileRef = 07C34AE95C2A50D661040F0B;
		};
		17372AEC0D5E16E464930928 = {
			isa = PBXBuildFile;
			fileRef = E787EE7F81724C096709BD87;
		};
		03C6F67EAC5A9B746DD0CE67 = {
			isa = PBXBuildFile;
			fileRef = 9A62B2E347E2F8714EE8717E;
		};
		C4EECD3F23C1D751C309C5D3 = {
			isa = PBXBuildFile;
			fileRef = C3936DB2289AAC287026C989;
		};
		300229EF3A551EB840864D9F = {
			isa = PBXBuildFile;
			fileRef = B6224E6CBED4648D6F9483CD;
		};
		FAF24D148BA4B6E05AAF4ADB = {
			isa = PBXBuildFile;
			fileRef = C74C80B48906DCAC43A39F57;
		};
		075D8B75755FF325E83D6762 = {
			isa = PBXBuildFile;
			fileRef = 00048E2734552BF26B00F194;
		};
		7A4148BF5DD461DB551FF938 = {
			isa = PBXBuildFile;
			fileRef = 3C976980A8AFFAC031E0ACB5;
		};
		B2BC02A9FE7155E80DAE91C0 = {
			isa = PBXBuildFile;
			fileRef = A50287DE07ED2C64E7FCF827;
		};
		A6CD8719005EAB700CB6828F = {
			isa = PBXBuildFile;
			fileRef = F89DB5CD6998182A1A76DCE3;
		};
		43CEB0E75EA857E81655D1CF = {
			isa = PBXBuildFile;
			fileRef = AC4FCDDAA4EC455B28B0B5EB;
		};
		3F8470D5E514FEEAA2BF7C58 = {
			isa = PBXBuildFile;
			fileRef = 36E2F4B4F8D89FC0BCACED54;
		};
		CD76D6935FC5502C5CE36DB3 = {
			isa = PBXBuildFile;
			fileRef = 02E3E350F5A9FE993AA8E19E;
		};
		CB10532CE9D9B4FF4DA2075B = {
			isa = PBXBuildFile;
			fileRef = 9E621242E2F5B48AFAFC3389;
		};
		14930B4A35406B7EB2360012 = {
			isa = PBXBuildFile;
			fileRef = 4C32F2DCF3CB4D88E4449E9C;
		};
		C6941F1E0F518BAEFE4EBBB1 = {
			isa = PBXBuildFile;
			fileRef = C78D08A8BE8047330F4E82F0;
		};
		112B15BD09684996468CAD5D = {
			isa = PBXBuildFile;
			fileRef = 626DE35A07C14E9C7805A3F2;
		};
		A81646E03D98335A5BDD79AE = {
			isa = PBXBuildFile;
			fileRef = 52625518B02B19BDC3C916C0;
		};
		45DCEE8AF90753A70C7D5C3D = {
			isa = PBXBuildFile;
			fileRef = F32476664C3E08AB9D34B4D6;
		};
		2574247AB5C0706BA90A01E2 = {
			isa = PBXBuildFile;
			fileRef = 9ABA15DA496B729ADEA2F60F;
		};
		7AE31471146EF121F4293BC9 = {
			isa = PBXBuildFile;
			fileRef = B80129772DCBB5BC8DABFC4F;
		};
		D88C57DEF2AB8FAC041BBEEA = {
			isa = PBXBuildFile;
			fileRef = F7E4D00046A2DCA223B23BA6;
		};
		68D2880237435714BB27A498 = {
			isa = PBXBuildFile;
			fileRef = 689AC28F103C5BA01F7D4956;
		};
		2C893005C319190B8ECE91E5 = {
			isa = PBXBuildFile;
			fileRef = 3D5956E1208F4BC0217BFB2D;
		};
		80D6E2D533BABBA66D780BF7 = {
			isa = PBXBuildFile;
			fileRef = 6FA76430197B5EA95165E903;
		};
		7683B39FA03BE01C828C366D = {
			isa = PBXBuildFile;
			fileRef = BAFD13A1E2992D36F71E436D;
		};
		6C0842F239523869C9B5C9EE = {
			isa = PBXBuildFile;
			fileRef = 0C5C6C1C21819EDAD2BFF87D;
		};
		66AAAB7F8987676B58C1756C = {
			isa = PBXBuildFile;
			fileRef = 5B4800077BFEE23000D4AF43;
		};
		3144BC4C91B7909DB067BC21 = {
			isa = PBXBuildFile;
			fileRef = 49BA9F169C976F3108F295F1;
		};
		1BF8670898D37ECB174B0019 = {
			isa = PBXBuildFile;
			fileRef = 963D586276D34C13E8286554;
		};
		5AF441C190AE0BFA4AC7A750 = {
			isa = PBXBuildFile;
			fileRef = 5A23AD3CAE0E524D3457574D;
		};
		70F969EBC69208CAE0A5B99D = {
			isa = PBXBuildFile;
			fileRef = 21E6C32E7F0C5712C357A1BF;
		};
		2B312278B683291793B3A0A5 = {
			isa = PBXBuildFile;
			fileRef = 5D2DCEBC9DE341D92A569EC0;
		};
		FAD52735A832F9E68D23C5B3 = {
			isa = PBXBuildFile;
			fileRef = 866AF600C62E9A9DE7E3619F;
		};
		F24D94FCA9A22F3E82C7C240 = {
			isa = PBXBuildFile;
			fileRef = 4BDF9E43D68786BBE70B5997;
		};
		9D360C62B25F7AD4C1F24F83 = {
			isa = PBXBuildFile;
			fileRef = 1ABE56E717E19C2686F5376C;
		};
		6EA6813E16C5E62191D991ED = {
			isa = PBXBuildFile;
			fileRef = 3201BBDF6CBDBB944C5CF3EF;
		};
		00048E2734552BF26B00F194 = {
			isa = PBXFileReference;
			lastKnownFileType = sourcecode.cpp.cpp;
			name = ConversionModule.cpp;
			path = ../../Source/EditorModules/ConversionModule.cpp;
			sourceTree = "SOURCE_ROOT";
		};
		02E3E350F5A9FE993AA8E19E = {
			isa = PBXFileReference;
			lastKnownFileType = sourcecode.cpp.cpp;
			name = ScaleFrequenciesOverlay.cpp;
			path = ../../Source/EditorModules/ScaleFrequenciesOverlay.cpp;
			sourceTree = "SOURCE_ROOT";
		};
		03BD43C7CD6EC1894B687C6A = {
			isa = PBXFileReference;
			lastKnownFileType = file.nib;
			name = RecentFilesMenuTemplate.nib;
			path = RecentFilesMenuTemplate.nib;
			sourceTree = "SOURCE_ROOT";
		};
		07A2F475CE7E860D8878C8B9 = {
			isa = PBXFileReference;
			lastKnownFileType = sourcecode.c.h;
			name = ScaleEditor.h;
			path = ../../Source/EditorModules/ScaleEditor.h;
			sourceTree = "SOURCE_ROOT";
		};
		07C34AE95C2A50D661040F0B = {
			isa = PBXFileReference;
			lastKnownFileType = sourcecode.cpp.cpp;
			name = "SCL_Import.cpp";
			path = "../../Source/AnaMark-Tuning-Library/SCL_Import.cpp";
			sourceTree = "SOURCE_ROOT";
		};
		07EEEC68B92336BE272CDC3E = {
			isa = PBXFileReference;
			explicitFileType = wrapper.cfbundle;
			includeInIndex = 0;
			path = "Xen MIDI Retuner.vst";
			sourceTree = "BUILT_PRODUCTS_DIR";
		};
		0AFFF63B115286C9AD68C7A0 = {
			isa = PBXFileReference;
			lastKnownFileType = file;
			name = "juce_gui_basics";
			path = "/Users/tp3/Documents/Programming/IDEs/JUCE/modules/juce_gui_basics";
			sourceTree = "<absolute>";
		};
		0C5C6C1C21819EDAD2BFF87D = {
			isa = PBXFileReference;
			lastKnownFileType = sourcecode.cpp.cpp;
			name = "include_juce_audio_plugin_client_VST2.cpp";
			path = "../../JuceLibraryCode/include_juce_audio_plugin_client_VST2.cpp";
			sourceTree = "SOURCE_ROOT";
		};
		0D6ACB59B8D5392CBC2C26DC = {
			isa = PBXFileReference;
			lastKnownFileType = sourcecode.c.h;
			name = PluginGUI.h;
			path = ../../Source/PluginGUI.h;
			sourceTree = "SOURCE_ROOT";
		};
		1ABE56E717E19C2686F5376C = {
			isa = PBXFileReference;
			lastKnownFileType = sourcecode.cpp.objcpp;
			name = "include_juce_gui_extra.mm";
			path = "../../JuceLibraryCode/include_juce_gui_extra.mm";
			sourceTree = "SOURCE_ROOT";
		};
		1D557A680A81685350571266 = {
			isa = PBXFileReference;
			lastKnownFileType = text.plist.xml;
			name = "Info-AU.plist";
			path = "Info-AU.plist";
			sourceTree = "SOURCE_ROOT";
		};
		218ED5AAD6E49B5C26EAD9CF = {
			isa = PBXFileReference;
			lastKnownFileType = file;
			name = "juce_gui_extra";
			path = "/Users/tp3/Documents/Programming/IDEs/JUCE/modules/juce_gui_extra";
			sourceTree = "<absolute>";
		};
		21E6C32E7F0C5712C357A1BF = {
			isa = PBXFileReference;
			lastKnownFileType = sourcecode.cpp.objcpp;
			name = "include_juce_data_structures.mm";
			path = "../../JuceLibraryCode/include_juce_data_structures.mm";
			sourceTree = "SOURCE_ROOT";
		};
		2962A40E9880B362FD29954F = {
			isa = PBXFileReference;
			lastKnownFileType = text.plist.xml;
			name = "Info-VST.plist";
			path = "Info-VST.plist";
			sourceTree = "SOURCE_ROOT";
		};
		2A3E8FC3B07CEF4001D44ECD = {
			isa = PBXFileReference;
			lastKnownFileType = sourcecode.c.h;
			name = ConversionModule.h;
			path = ../../Source/EditorModules/ConversionModule.h;
			sourceTree = "SOURCE_ROOT";
		};
		2E3571F876EF3A8C50BBB84B = {
			isa = PBXFileReference;
			lastKnownFileType = sourcecode.c.h;
			name = OutputModule.h;
			path = ../../Source/EditorModules/OutputModule.h;
			sourceTree = "SOURCE_ROOT";
		};
		3201BBDF6CBDBB944C5CF3EF = {
			isa = PBXFileReference;
			lastKnownFileType = sourcecode.cpp.objcpp;
			name = "include_juce_opengl.mm";
			path = "../../JuceLibraryCode/include_juce_opengl.mm";
			sourceTree = "SOURCE_ROOT";
		};
		347CC7564493CD2B6D17BB79 = {
			isa = PBXFileReference;
			lastKnownFileType = file;
			name = "juce_audio_utils";
			path = "/Users/tp3/Documents/Programming/IDEs/JUCE/modules/juce_audio_utils";
			sourceTree = "<absolute>";
		};
		36E2F4B4F8D89FC0BCACED54 = {
			isa = PBXFileReference;
			lastKnownFileType = sourcecode.cpp.cpp;
			name = ScaleEditor.cpp;
			path = ../../Source/EditorModules/ScaleEditor.cpp;
			sourceTree = "SOURCE_ROOT";
		};
		3830F78E8AD4BBC303AD1052 = {
			isa = PBXFileReference;
			lastKnownFileType = wrapper.framework;
			name = DiscRecording.framework;
			path = System/Library/Frameworks/DiscRecording.framework;
			sourceTree = SDKROOT;
		};
		384C84C6462AB51FE5F0601C = {
			isa = PBXFileReference;
			lastKnownFileType = sourcecode.c.h;
			name = ScaleFrequenciesOverlay.h;
			path = ../../Source/EditorModules/ScaleFrequenciesOverlay.h;
			sourceTree = "SOURCE_ROOT";
		};
		3C71415DAA392D1B8F41E79F = {
			isa = PBXFileReference;
			lastKnownFileType = wrapper.framework;
			name = WebKit.framework;
			path = System/Library/Frameworks/WebKit.framework;
			sourceTree = SDKROOT;
		};
		3C976980A8AFFAC031E0ACB5 = {
			isa = PBXFileReference;
			lastKnownFileType = sourcecode.cpp.cpp;
			name = InputModule.cpp;
			path = ../../Source/EditorModules/InputModule.cpp;
			sourceTree = "SOURCE_ROOT";
		};
		3D5956E1208F4BC0217BFB2D = {
			isa = PBXFileReference;
			lastKnownFileType = sourcecode.cpp.objcpp;
			name = "include_juce_audio_plugin_client_AU_2.mm";
			path = "../../JuceLibraryCode/include_juce_audio_plugin_client_AU_2.mm";
			sourceTree = "SOURCE_ROOT";
		};
		443BE3F9173AE0D564C0FBE7 = {
			isa = PBXFileReference;
			lastKnownFileType = file;
			name = "juce_audio_devices";
			path = "/Users/tp3/Documents/Programming/IDEs/JUCE/modules/juce_audio_devices";
			sourceTree = "<absolute>";
		};
		4891742742A6A5EAE13FD987 = {
			isa = PBXFileReference;
			lastKnownFileType = wrapper.framework;
			name = CoreMIDI.framework;
			path = System/Library/Frameworks/CoreMIDI.framework;
			sourceTree = SDKROOT;
		};
		49BA9F169C976F3108F295F1 = {
			isa = PBXFileReference;
			lastKnownFileType = sourcecode.cpp.objcpp;
			name = "include_juce_audio_utils.mm";
			path = "../../JuceLibraryCode/include_juce_audio_utils.mm";
			sourceTree = "SOURCE_ROOT";
		};
		4B5188404F75047B5AC64145 = {
			isa = PBXFileReference;
			lastKnownFileType = sourcecode.c.h;
			name = "SCL_Import.h";
			path = "../../Source/AnaMark-Tuning-Library/SCL_Import.h";
			sourceTree = "SOURCE_ROOT";
		};
		4BDF9E43D68786BBE70B5997 = {
			isa = PBXFileReference;
			lastKnownFileType = sourcecode.cpp.objcpp;
			name = "include_juce_gui_basics.mm";
			path = "../../JuceLibraryCode/include_juce_gui_basics.mm";
			sourceTree = "SOURCE_ROOT";
		};
		4C32F2DCF3CB4D88E4449E9C = {
			isa = PBXFileReference;
			lastKnownFileType = sourcecode.cpp.cpp;
			name = PluginGUI.cpp;
			path = ../../Source/PluginGUI.cpp;
			sourceTree = "SOURCE_ROOT";
		};
		52625518B02B19BDC3C916C0 = {
			isa = PBXFileReference;
			lastKnownFileType = sourcecode.cpp.cpp;
			name = PluginEditor.cpp;
			path = ../../Source/PluginEditor.cpp;
			sourceTree = "SOURCE_ROOT";
		};
		52D4292BCE8EC200681A3BBB = {
			isa = PBXFileReference;
			lastKnownFileType = sourcecode.c.h;
			name = KeyboardVisual.h;
			path = ../../Source/EditorModules/KeyboardVisual.h;
			sourceTree = "SOURCE_ROOT";
		};
		55E99CB91D9225B843BBCB9D = {
			isa = PBXFileReference;
			lastKnownFileType = sourcecode.c.h;
			name = ProcessorStructures.h;
			path = ../../Source/ProcessorStructures.h;
			sourceTree = "SOURCE_ROOT";
		};
		57ED0995A1491A98A5B877D9 = {
			isa = PBXFileReference;
			lastKnownFileType = sourcecode.c.h;
			name = InputModule.h;
			path = ../../Source/EditorModules/InputModule.h;
			sourceTree = "SOURCE_ROOT";
		};
		5A23AD3CAE0E524D3457574D = {
			isa = PBXFileReference;
			lastKnownFileType = sourcecode.cpp.objcpp;
			name = "include_juce_cryptography.mm";
			path = "../../JuceLibraryCode/include_juce_cryptography.mm";
			sourceTree = "SOURCE_ROOT";
		};
		5B4800077BFEE23000D4AF43 = {
			isa = PBXFileReference;
			lastKnownFileType = sourcecode.cpp.objcpp;
			name = "include_juce_audio_processors.mm";
			path = "../../JuceLibraryCode/include_juce_audio_processors.mm";
			sourceTree = "SOURCE_ROOT";
		};
		5D2DCEBC9DE341D92A569EC0 = {
			isa = PBXFileReference;
			lastKnownFileType = sourcecode.cpp.objcpp;
			name = "include_juce_events.mm";
			path = "../../JuceLibraryCode/include_juce_events.mm";
			sourceTree = "SOURCE_ROOT";
		};
		5F195857E81210BC79240AD7 = {
			isa = PBXFileReference;
			lastKnownFileType = sourcecode.c.h;
			name = ProcessorData.h;
			path = ../../Source/ProcessorData.h;
			sourceTree = "SOURCE_ROOT";
		};
		626DE35A07C14E9C7805A3F2 = {
			isa = PBXFileReference;
			lastKnownFileType = sourcecode.cpp.cpp;
			name = PluginProcessor.cpp;
			path = ../../Source/PluginProcessor.cpp;
			sourceTree = "SOURCE_ROOT";
		};
		633C9A242FB18F349739AF57 = {
			isa = PBXFileReference;
			lastKnownFileType = wrapper.framework;
			name = Accelerate.framework;
			path = System/Library/Frameworks/Accelerate.framework;
			sourceTree = SDKROOT;
		};
		65492346471969F10015C368 = {
			isa = PBXFileReference;
			lastKnownFileType = file;
			name = "juce_cryptography";
			path = "/Users/tp3/Documents/Programming/IDEs/JUCE/modules/juce_cryptography";
			sourceTree = "<absolute>";
		};
		67B1FD6799D74E2B3E236D5F = {
			isa = PBXFileReference;
			lastKnownFileType = wrapper.framework;
			name = AudioUnit.framework;
			path = System/Library/Frameworks/AudioUnit.framework;
			sourceTree = SDKROOT;
		};
		689AC28F103C5BA01F7D4956 = {
			isa = PBXFileReference;
			lastKnownFileType = sourcecode.cpp.objcpp;
			name = "include_juce_audio_plugin_client_AU_1.mm";
			path = "../../JuceLibraryCode/include_juce_audio_plugin_client_AU_1.mm";
			sourceTree = "SOURCE_ROOT";
		};
		6EB15BD9319CF83C0C9A7CB4 = {
			isa = PBXFileReference;
			lastKnownFileType = file;
			name = "juce_data_structures";
			path = "/Users/tp3/Documents/Programming/IDEs/JUCE/modules/juce_data_structures";
			sourceTree = "<absolute>";
		};
		6FA76430197B5EA95165E903 = {
			isa = PBXFileReference;
			lastKnownFileType = sourcecode.cpp.cpp;
			name = "include_juce_audio_plugin_client_utils.cpp";
			path = "../../JuceLibraryCode/include_juce_audio_plugin_client_utils.cpp";
			sourceTree = "SOURCE_ROOT";
		};
		7192D37C17A7B8FE607A8E52 = {
			isa = PBXFileReference;
			lastKnownFileType = wrapper.framework;
			name = Cocoa.framework;
			path = System/Library/Frameworks/Cocoa.framework;
			sourceTree = SDKROOT;
		};
		719CFD387E10061911ED5AB2 = {
			isa = PBXFileReference;
			lastKnownFileType = file;
			name = "juce_opengl";
			path = "/Users/tp3/Documents/Programming/IDEs/JUCE/modules/juce_opengl";
			sourceTree = "<absolute>";
		};
		72D33907B5D0F9D03332F7D7 = {
			isa = PBXFileReference;
			lastKnownFileType = wrapper.framework;
			name = IOKit.framework;
			path = System/Library/Frameworks/IOKit.framework;
			sourceTree = SDKROOT;
		};
		78C7D8A07849FAA9C891E1CA = {
			isa = PBXFileReference;
			lastKnownFileType = wrapper.framework;
			name = QuartzCore.framework;
			path = System/Library/Frameworks/QuartzCore.framework;
			sourceTree = SDKROOT;
		};
		80B72F45F406DB4FE61D7D05 = {
			isa = PBXFileReference;
			lastKnownFileType = file;
			name = "juce_core";
			path = "/Users/tp3/Documents/Programming/IDEs/JUCE/modules/juce_core";
			sourceTree = "<absolute>";
		};
		866AF600C62E9A9DE7E3619F = {
			isa = PBXFileReference;
			lastKnownFileType = sourcecode.cpp.objcpp;
			name = "include_juce_graphics.mm";
			path = "../../JuceLibraryCode/include_juce_graphics.mm";
			sourceTree = "SOURCE_ROOT";
		};
		88C06C1921B40064082564DB = {
			isa = PBXFileReference;
			lastKnownFileType = sourcecode.c.h;
			name = "TUN_StringTools.h";
			path = "../../Source/AnaMark-Tuning-Library/TUN_StringTools.h";
			sourceTree = "SOURCE_ROOT";
		};
		88DD9BFB1874CF8D685CBDF9 = {
			isa = PBXFileReference;
			lastKnownFileType = wrapper.framework;
			name = Carbon.framework;
			path = System/Library/Frameworks/Carbon.framework;
			sourceTree = SDKROOT;
		};
		8EBDCFE0749D412D476AF9EB = {
			isa = PBXFileReference;
			lastKnownFileType = file;
			name = "juce_audio_processors";
			path = "/Users/tp3/Documents/Programming/IDEs/JUCE/modules/juce_audio_processors";
			sourceTree = "<absolute>";
		};
		963D586276D34C13E8286554 = {
			isa = PBXFileReference;
			lastKnownFileType = sourcecode.cpp.objcpp;
			name = "include_juce_core.mm";
			path = "../../JuceLibraryCode/include_juce_core.mm";
			sourceTree = "SOURCE_ROOT";
		};
		9A62B2E347E2F8714EE8717E = {
			isa = PBXFileReference;
			lastKnownFileType = sourcecode.cpp.cpp;
			name = "TUN_Scale.cpp";
			path = "../../Source/AnaMark-Tuning-Library/TUN_Scale.cpp";
			sourceTree = "SOURCE_ROOT";
		};
		9ABA15DA496B729ADEA2F60F = {
			isa = PBXFileReference;
			lastKnownFileType = sourcecode.cpp.objcpp;
			name = "include_juce_audio_devices.mm";
			path = "../../JuceLibraryCode/include_juce_audio_devices.mm";
			sourceTree = "SOURCE_ROOT";
		};
		9E621242E2F5B48AFAFC3389 = {
			isa = PBXFileReference;
			lastKnownFileType = sourcecode.cpp.cpp;
			name = Utilities.cpp;
			path = ../../Source/Utilities.cpp;
			sourceTree = "SOURCE_ROOT";
		};
		9EE7BAE6313937A2979D7A64 = {
			isa = PBXFileReference;
			lastKnownFileType = file.md;
			name = README.md;
			path = "../../Source/AnaMark-Tuning-Library/README.md";
			sourceTree = "SOURCE_ROOT";
		};
		A227C7035EF0917A2BDADCFA = {
			isa = PBXFileReference;
			lastKnownFileType = file;
			name = "juce_audio_formats";
			path = "/Users/tp3/Documents/Programming/IDEs/JUCE/modules/juce_audio_formats";
			sourceTree = "<absolute>";
		};
		A50287DE07ED2C64E7FCF827 = {
			isa = PBXFileReference;
			lastKnownFileType = sourcecode.cpp.cpp;
			name = KeyboardVisual.cpp;
			path = ../../Source/EditorModules/KeyboardVisual.cpp;
			sourceTree = "SOURCE_ROOT";
		};
		A690E54FEF512681190F1520 = {
			isa = PBXFileReference;
			lastKnownFileType = sourcecode.c.h;
			name = "TUN_Error.h";
			path = "../../Source/AnaMark-Tuning-Library/TUN_Error.h";
			sourceTree = "SOURCE_ROOT";
		};
		ABD65F9B57A3CF8B9DB26DB7 = {
			isa = PBXFileReference;
			lastKnownFileType = sourcecode.c.h;
			name = Utilities.h;
			path = ../../Source/Utilities.h;
			sourceTree = "SOURCE_ROOT";
		};
		AC4FCDDAA4EC455B28B0B5EB = {
			isa = PBXFileReference;
			lastKnownFileType = sourcecode.cpp.cpp;
			name = OutputModule.cpp;
			path = ../../Source/EditorModules/OutputModule.cpp;
			sourceTree = "SOURCE_ROOT";
		};
		B6224E6CBED4648D6F9483CD = {
			isa = PBXFileReference;
			lastKnownFileType = sourcecode.cpp.cpp;
			name = TransitionCurve.cpp;
			path = ../../Source/Components/TransitionCurve.cpp;
			sourceTree = "SOURCE_ROOT";
		};
		B80129772DCBB5BC8DABFC4F = {
			isa = PBXFileReference;
			lastKnownFileType = sourcecode.cpp.objcpp;
			name = "include_juce_audio_formats.mm";
			path = "../../JuceLibraryCode/include_juce_audio_formats.mm";
			sourceTree = "SOURCE_ROOT";
		};
		B9F09D58D89CAF94EFD66202 = {
			isa = PBXFileReference;
			lastKnownFileType = wrapper.framework;
			name = OpenGL.framework;
			path = System/Library/Frameworks/OpenGL.framework;
			sourceTree = SDKROOT;
		};
		B9F65472332B956F5CE39C15 = {
			isa = PBXFileReference;
			lastKnownFileType = sourcecode.c.h;
			name = TransitionCurve.h;
			path = ../../Source/Components/TransitionCurve.h;
			sourceTree = "SOURCE_ROOT";
		};
		BAFD13A1E2992D36F71E436D = {
			isa = PBXFileReference;
			lastKnownFileType = sourcecode.cpp.objcpp;
			name = "include_juce_audio_plugin_client_VST_utils.mm";
			path = "../../JuceLibraryCode/include_juce_audio_plugin_client_VST_utils.mm";
			sourceTree = "SOURCE_ROOT";
		};
		BB237AF102EBF885FED1787F = {
			isa = PBXFileReference;
			lastKnownFileType = sourcecode.c.h;
			name = JuceHeader.h;
			path = ../../JuceLibraryCode/JuceHeader.h;
			sourceTree = "SOURCE_ROOT";
		};
		C17AFF4DF847E91FC9C73908 = {
			isa = PBXFileReference;
			lastKnownFileType = wrapper.framework;
			name = CoreAudio.framework;
			path = System/Library/Frameworks/CoreAudio.framework;
			sourceTree = SDKROOT;
		};
		C379E60A3E7010B7CD6E9784 = {
			isa = PBXFileReference;
			lastKnownFileType = file;
			name = "juce_events";
			path = "/Users/tp3/Documents/Programming/IDEs/JUCE/modules/juce_events";
			sourceTree = "<absolute>";
		};
		C3936DB2289AAC287026C989 = {
			isa = PBXFileReference;
			lastKnownFileType = sourcecode.cpp.cpp;
			name = "TUN_StringTools.cpp";
			path = "../../Source/AnaMark-Tuning-Library/TUN_StringTools.cpp";
			sourceTree = "SOURCE_ROOT";
		};
		C425E660754C4EC528E6F6B6 = {
			isa = PBXFileReference;
			lastKnownFileType = file;
			name = "juce_graphics";
			path = "/Users/tp3/Documents/Programming/IDEs/JUCE/modules/juce_graphics";
			sourceTree = "<absolute>";
		};
		C475EE12587C15C9223CA3EB = {
			isa = PBXFileReference;
			explicitFileType = wrapper.cfbundle;
			includeInIndex = 0;
			path = "Xen MIDI Retuner.component";
			sourceTree = "BUILT_PRODUCTS_DIR";
		};
		C74C80B48906DCAC43A39F57 = {
			isa = PBXFileReference;
			lastKnownFileType = sourcecode.cpp.cpp;
			name = TransitionCurveGUI.cpp;
			path = ../../Source/Components/TransitionCurveGUI.cpp;
			sourceTree = "SOURCE_ROOT";
		};
		C78C6245FED843AE6F7E60B4 = {
			isa = PBXFileReference;
			lastKnownFileType = sourcecode.c.h;
			name = NoteAndFrequencyOverlay.h;
			path = ../../Source/EditorModules/NoteAndFrequencyOverlay.h;
			sourceTree = "SOURCE_ROOT";
		};
		C78D08A8BE8047330F4E82F0 = {
			isa = PBXFileReference;
			lastKnownFileType = sourcecode.cpp.cpp;
			name = ProcessorData.cpp;
			path = ../../Source/ProcessorData.cpp;
			sourceTree = "SOURCE_ROOT";
		};
		C97BAB93C56D4D0A0AF78EA4 = {
			isa = PBXFileReference;
			lastKnownFileType = sourcecode.c.h;
			name = "TUN_Scale.h";
			path = "../../Source/AnaMark-Tuning-Library/TUN_Scale.h";
			sourceTree = "SOURCE_ROOT";
		};
		CE5493224732EBFF08394358 = {
			isa = PBXFileReference;
			lastKnownFileType = sourcecode.c.h;
			name = "TUN_MultiScaleFile.h";
			path = "../../Source/AnaMark-Tuning-Library/TUN_MultiScaleFile.h";
			sourceTree = "SOURCE_ROOT";
		};
		D0BD9A46E36FE0E015815901 = {
			isa = PBXFileReference;
			lastKnownFileType = sourcecode.c.h;
			name = "TUN_EmbedHTML.h";
			path = "../../Source/AnaMark-Tuning-Library/TUN_EmbedHTML.h";
			sourceTree = "SOURCE_ROOT";
		};
		DCD7623E9989B75CCC6C9516 = {
			isa = PBXFileReference;
			lastKnownFileType = sourcecode.c.h;
			name = TransitionCurveGUI.h;
			path = ../../Source/Components/TransitionCurveGUI.h;
			sourceTree = "SOURCE_ROOT";
		};
		DD8AD2B08738AAE2801EB190 = {
			isa = PBXFileReference;
			lastKnownFileType = sourcecode.c.h;
			name = PluginEditor.h;
			path = ../../Source/PluginEditor.h;
			sourceTree = "SOURCE_ROOT";
		};
		E1598AFDBE6B15659CB17453 = {
			isa = PBXFileReference;
			lastKnownFileType = sourcecode.c.h;
			name = PluginProcessor.h;
			path = ../../Source/PluginProcessor.h;
			sourceTree = "SOURCE_ROOT";
		};
		E1B17A4D121D6E3B53615914 = {
			isa = PBXFileReference;
			lastKnownFileType = sourcecode.c.h;
			name = "TUN_MIDIChannelRange.h";
			path = "../../Source/AnaMark-Tuning-Library/TUN_MIDIChannelRange.h";
			sourceTree = "SOURCE_ROOT";
		};
		E2063E862E8C967CBC45A79C = {
			isa = PBXFileReference;
			lastKnownFileType = file;
			name = "juce_audio_basics";
			path = "/Users/tp3/Documents/Programming/IDEs/JUCE/modules/juce_audio_basics";
			sourceTree = "<absolute>";
		};
		E5354432B2BDC61728E90E9E = {
			isa = PBXFileReference;
			lastKnownFileType = sourcecode.c.h;
			name = "TUN_Formula.h";
			path = "../../Source/AnaMark-Tuning-Library/TUN_Formula.h";
			sourceTree = "SOURCE_ROOT";
		};
		E6D8C38D29598A223A3920F5 = {
			isa = PBXFileReference;
			lastKnownFileType = wrapper.framework;
			name = CoreAudioKit.framework;
			path = System/Library/Frameworks/CoreAudioKit.framework;
			sourceTree = SDKROOT;
		};
		E787EE7F81724C096709BD87 = {
			isa = PBXFileReference;
			lastKnownFileType = sourcecode.cpp.cpp;
			name = "TUN_EmbedHTML.cpp";
			path = "../../Source/AnaMark-Tuning-Library/TUN_EmbedHTML.cpp";
			sourceTree = "SOURCE_ROOT";
		};
		E7C35A309358319E09125FEE = {
			isa = PBXFileReference;
			lastKnownFileType = sourcecode.c.h;
			name = AppConfig.h;
			path = ../../JuceLibraryCode/AppConfig.h;
			sourceTree = "SOURCE_ROOT";
		};
		EC96BD346D32E52B528547D4 = {
			isa = PBXFileReference;
			lastKnownFileType = file;
			name = "juce_audio_plugin_client";
			path = "/Users/tp3/Documents/Programming/IDEs/JUCE/modules/juce_audio_plugin_client";
			sourceTree = "<absolute>";
		};
		EF6D4CD03742CA13669D205C = {
			isa = PBXFileReference;
			explicitFileType = archive.ar;
			includeInIndex = 0;
			path = "libXen MIDI Retuner.a";
			sourceTree = "BUILT_PRODUCTS_DIR";
		};
		F32476664C3E08AB9D34B4D6 = {
			isa = PBXFileReference;
			lastKnownFileType = sourcecode.cpp.objcpp;
			name = "include_juce_audio_basics.mm";
			path = "../../JuceLibraryCode/include_juce_audio_basics.mm";
			sourceTree = "SOURCE_ROOT";
		};
		F7173B84641FC12FE3E8ABA5 = {
			isa = PBXFileReference;
			lastKnownFileType = wrapper.framework;
			name = AudioToolbox.framework;
			path = System/Library/Frameworks/AudioToolbox.framework;
			sourceTree = SDKROOT;
		};
		F7E4D00046A2DCA223B23BA6 = {
			isa = PBXFileReference;
			lastKnownFileType = file.r;
			name = "include_juce_audio_plugin_client_AU.r";
			path = "../../JuceLibraryCode/include_juce_audio_plugin_client_AU.r";
			sourceTree = "SOURCE_ROOT";
		};
		F89DB5CD6998182A1A76DCE3 = {
			isa = PBXFileReference;
			lastKnownFileType = sourcecode.cpp.cpp;
			name = NoteAndFrequencyOverlay.cpp;
			path = ../../Source/EditorModules/NoteAndFrequencyOverlay.cpp;
			sourceTree = "SOURCE_ROOT";
		};
		33F10721F484897888E2C53A = {
			isa = PBXGroup;
			children = (
				9EE7BAE6313937A2979D7A64,
				07C34AE95C2A50D661040F0B,
				4B5188404F75047B5AC64145,
				E787EE7F81724C096709BD87,
				D0BD9A46E36FE0E015815901,
				A690E54FEF512681190F1520,
				E5354432B2BDC61728E90E9E,
				E1B17A4D121D6E3B53615914,
				CE5493224732EBFF08394358,
				9A62B2E347E2F8714EE8717E,
				C97BAB93C56D4D0A0AF78EA4,
				C3936DB2289AAC287026C989,
				88C06C1921B40064082564DB,
			);
			name = "AnaMark-Tuning-Library";
			sourceTree = "<group>";
		};
		E86FCEB8ABEA525EA3B6A003 = {
			isa = PBXGroup;
			children = (
				B6224E6CBED4648D6F9483CD,
				B9F65472332B956F5CE39C15,
				C74C80B48906DCAC43A39F57,
				DCD7623E9989B75CCC6C9516,
			);
			name = Components;
			sourceTree = "<group>";
		};
		6792A254C5601E7BA485AE5F = {
			isa = PBXGroup;
			children = (
				00048E2734552BF26B00F194,
				2A3E8FC3B07CEF4001D44ECD,
				3C976980A8AFFAC031E0ACB5,
				57ED0995A1491A98A5B877D9,
				A50287DE07ED2C64E7FCF827,
				52D4292BCE8EC200681A3BBB,
				F89DB5CD6998182A1A76DCE3,
				C78C6245FED843AE6F7E60B4,
				AC4FCDDAA4EC455B28B0B5EB,
				2E3571F876EF3A8C50BBB84B,
				36E2F4B4F8D89FC0BCACED54,
				07A2F475CE7E860D8878C8B9,
				02E3E350F5A9FE993AA8E19E,
				384C84C6462AB51FE5F0601C,
			);
			name = EditorModules;
			sourceTree = "<group>";
		};
		E5000EBDB1431B243DC50190 = {
			isa = PBXGroup;
			children = (
				33F10721F484897888E2C53A,
				E86FCEB8ABEA525EA3B6A003,
				6792A254C5601E7BA485AE5F,
				9E621242E2F5B48AFAFC3389,
				ABD65F9B57A3CF8B9DB26DB7,
				4C32F2DCF3CB4D88E4449E9C,
				0D6ACB59B8D5392CBC2C26DC,
				C78D08A8BE8047330F4E82F0,
				5F195857E81210BC79240AD7,
				55E99CB91D9225B843BBCB9D,
				626DE35A07C14E9C7805A3F2,
				E1598AFDBE6B15659CB17453,
				52625518B02B19BDC3C916C0,
				DD8AD2B08738AAE2801EB190,
			);
			name = Source;
			sourceTree = "<group>";
		};
		4E923D4B7B2592248236A1ED = {
			isa = PBXGroup;
			children = (
				E5000EBDB1431B243DC50190,
			);
			name = "Xen MIDI Retuner";
			sourceTree = "<group>";
		};
		D28EFAA257A094E85C5C5BAE = {
			isa = PBXGroup;
			children = (
				E2063E862E8C967CBC45A79C,
				443BE3F9173AE0D564C0FBE7,
				A227C7035EF0917A2BDADCFA,
				EC96BD346D32E52B528547D4,
				8EBDCFE0749D412D476AF9EB,
				347CC7564493CD2B6D17BB79,
				80B72F45F406DB4FE61D7D05,
				65492346471969F10015C368,
				6EB15BD9319CF83C0C9A7CB4,
				C379E60A3E7010B7CD6E9784,
				C425E660754C4EC528E6F6B6,
				0AFFF63B115286C9AD68C7A0,
				218ED5AAD6E49B5C26EAD9CF,
				719CFD387E10061911ED5AB2,
			);
			name = "JUCE Modules";
			sourceTree = "<group>";
		};
		EAB7F2780217A5DC16140BAE = {
			isa = PBXGroup;
			children = (
				E7C35A309358319E09125FEE,
				F32476664C3E08AB9D34B4D6,
				9ABA15DA496B729ADEA2F60F,
				B80129772DCBB5BC8DABFC4F,
				F7E4D00046A2DCA223B23BA6,
				689AC28F103C5BA01F7D4956,
				3D5956E1208F4BC0217BFB2D,
				6FA76430197B5EA95165E903,
				BAFD13A1E2992D36F71E436D,
				0C5C6C1C21819EDAD2BFF87D,
				5B4800077BFEE23000D4AF43,
				49BA9F169C976F3108F295F1,
				963D586276D34C13E8286554,
				5A23AD3CAE0E524D3457574D,
				21E6C32E7F0C5712C357A1BF,
				5D2DCEBC9DE341D92A569EC0,
				866AF600C62E9A9DE7E3619F,
				4BDF9E43D68786BBE70B5997,
				1ABE56E717E19C2686F5376C,
				3201BBDF6CBDBB944C5CF3EF,
				BB237AF102EBF885FED1787F,
			);
			name = "JUCE Library Code";
			sourceTree = "<group>";
		};
		9277572F08038E2AC9AB1DE6 = {
			isa = PBXGroup;
			children = (
				2962A40E9880B362FD29954F,
				1D557A680A81685350571266,
				03BD43C7CD6EC1894B687C6A,
			);
			name = Resources;
			sourceTree = "<group>";
		};
		14B56A3E74F0F715D77EBF67 = {
			isa = PBXGroup;
			children = (
				67B1FD6799D74E2B3E236D5F,
				633C9A242FB18F349739AF57,
				F7173B84641FC12FE3E8ABA5,
				88DD9BFB1874CF8D685CBDF9,
				7192D37C17A7B8FE607A8E52,
				C17AFF4DF847E91FC9C73908,
				E6D8C38D29598A223A3920F5,
				4891742742A6A5EAE13FD987,
				3830F78E8AD4BBC303AD1052,
				72D33907B5D0F9D03332F7D7,
				B9F09D58D89CAF94EFD66202,
				78C7D8A07849FAA9C891E1CA,
				3C71415DAA392D1B8F41E79F,
			);
			name = Frameworks;
			sourceTree = "<group>";
		};
		1AE341F3CAC3348EE34CDFAE = {
			isa = PBXGroup;
			children = (
				07EEEC68B92336BE272CDC3E,
				C475EE12587C15C9223CA3EB,
				EF6D4CD03742CA13669D205C,
			);
			name = Products;
			sourceTree = "<group>";
		};
		4DA21E5653614B4EAF13BFCC = {
			isa = PBXGroup;
			children = (
				4E923D4B7B2592248236A1ED,
				D28EFAA257A094E85C5C5BAE,
				EAB7F2780217A5DC16140BAE,
				9277572F08038E2AC9AB1DE6,
				14B56A3E74F0F715D77EBF67,
				1AE341F3CAC3348EE34CDFAE,
			);
			name = Source;
			sourceTree = "<group>";
		};
		96A40CFBC2A3332A5EAFD586 = {
			isa = XCBuildConfiguration;
			buildSettings = {
				MACOSX_DEPLOYMENT_TARGET = 10.11;
				SDKROOT = macosx;
			};
			name = Debug;
		};
		4F4BE7410323CB61F35880FE = {
			isa = XCBuildConfiguration;
			buildSettings = {
				MACOSX_DEPLOYMENT_TARGET = 10.11;
				SDKROOT = macosx;
			};
			name = Release;
		};
		66C19B242F26B15FAF4B9567 = {
			isa = XCBuildConfiguration;
			buildSettings = {
				CLANG_CXX_LANGUAGE_STANDARD = "c++14";
				CLANG_CXX_LIBRARY = "libc++";
				CLANG_LINK_OBJC_RUNTIME = NO;
				CODE_SIGN_IDENTITY = "";
				COMBINE_HIDPI_IMAGES = YES;
				CONFIGURATION_BUILD_DIR = "$(PROJECT_DIR)/build/$(CONFIGURATION)";
				COPY_PHASE_STRIP = NO;
				DEPLOYMENT_LOCATION = YES;
				DSTROOT = /;
				GCC_DYNAMIC_NO_PIC = NO;
				GCC_OPTIMIZATION_LEVEL = 0;
				GCC_PREPROCESSOR_DEFINITIONS = (
					"_DEBUG=1",
					"DEBUG=1",
					"JUCER_XCODE_MAC_F6D2F4CF=1",
					"JUCE_APP_VERSION=0.0.1",
					"JUCE_APP_VERSION_HEX=0x1",
					"JucePlugin_Build_VST=1",
					"JucePlugin_Build_VST3=0",
					"JucePlugin_Build_AU=0",
					"JucePlugin_Build_AUv3=0",
					"JucePlugin_Build_RTAS=0",
					"JucePlugin_Build_AAX=0",
					"JucePlugin_Build_Standalone=0",
					"JucePlugin_Build_Unity=0",
				);
				GCC_VERSION = com.apple.compilers.llvm.clang.1_0;
				GENERATE_PKGINFO_FILE = YES;
				HEADER_SEARCH_PATHS = (
					"/Users/tp3/Documents/Programming/IDEs/JUCE/modules/juce_audio_processors/format_types/VST3_SDK",
					"/Users/tp3/Documents/Programming/IDEs/JUCE/VST3_SDK",
					"../../JuceLibraryCode",
					"/Users/tp3/Documents/Programming/IDEs/JUCE/modules",
					"/Users/tp3/Documents/Programming/IDEs/JUCE/modules/juce_audio_plugin_client",
					"$(inherited)",
				);
				INFOPLIST_FILE = Info-VST.plist;
				INFOPLIST_PREPROCESS = NO;
				INSTALL_PATH = "$(HOME)/Library/Audio/Plug-Ins/VST/";
				LIBRARY_STYLE = Bundle;
				MACOSX_DEPLOYMENT_TARGET = 10.11;
				OTHER_LDFLAGS = "-bundle -lXen\\ MIDI\\ Retuner";
				PRODUCT_BUNDLE_IDENTIFIER = com.TarasPalczynskiIII.XenMIDIRetuner;
				PRODUCT_NAME = "Xen MIDI Retuner";
				USE_HEADERMAP = NO;
				WRAPPER_EXTENSION = vst;
			};
			name = Debug;
		};
		D64375B321626A970D228E78 = {
			isa = XCBuildConfiguration;
			buildSettings = {
				CLANG_CXX_LANGUAGE_STANDARD = "c++14";
				CLANG_CXX_LIBRARY = "libc++";
				CLANG_LINK_OBJC_RUNTIME = NO;
				CODE_SIGN_IDENTITY = "";
				COMBINE_HIDPI_IMAGES = YES;
				CONFIGURATION_BUILD_DIR = "$(PROJECT_DIR)/build/$(CONFIGURATION)";
				DEAD_CODE_STRIPPING = YES;
				DEPLOYMENT_LOCATION = YES;
				DSTROOT = /;
				GCC_GENERATE_DEBUGGING_SYMBOLS = NO;
				GCC_OPTIMIZATION_LEVEL = 3;
				GCC_PREPROCESSOR_DEFINITIONS = (
					"_NDEBUG=1",
					"NDEBUG=1",
					"JUCER_XCODE_MAC_F6D2F4CF=1",
					"JUCE_APP_VERSION=0.0.1",
					"JUCE_APP_VERSION_HEX=0x1",
					"JucePlugin_Build_VST=1",
					"JucePlugin_Build_VST3=0",
					"JucePlugin_Build_AU=0",
					"JucePlugin_Build_AUv3=0",
					"JucePlugin_Build_RTAS=0",
					"JucePlugin_Build_AAX=0",
					"JucePlugin_Build_Standalone=0",
					"JucePlugin_Build_Unity=0",
				);
				GCC_SYMBOLS_PRIVATE_EXTERN = YES;
				GCC_VERSION = com.apple.compilers.llvm.clang.1_0;
				GENERATE_PKGINFO_FILE = YES;
				HEADER_SEARCH_PATHS = (
					"/Users/tp3/Documents/Programming/IDEs/JUCE/modules/juce_audio_processors/format_types/VST3_SDK",
					"/Users/tp3/Documents/Programming/IDEs/JUCE/VST3_SDK",
					"../../JuceLibraryCode",
					"/Users/tp3/Documents/Programming/IDEs/JUCE/modules",
					"/Users/tp3/Documents/Programming/IDEs/JUCE/modules/juce_audio_plugin_client",
					"$(inherited)",
				);
				INFOPLIST_FILE = Info-VST.plist;
				INFOPLIST_PREPROCESS = NO;
				INSTALL_PATH = "$(HOME)/Library/Audio/Plug-Ins/VST/";
				LIBRARY_STYLE = Bundle;
				LLVM_LTO = YES;
				MACOSX_DEPLOYMENT_TARGET = 10.11;
				OTHER_LDFLAGS = "-bundle -lXen\\ MIDI\\ Retuner";
				PRODUCT_BUNDLE_IDENTIFIER = com.TarasPalczynskiIII.XenMIDIRetuner;
				PRODUCT_NAME = "Xen MIDI Retuner";
				USE_HEADERMAP = NO;
				WRAPPER_EXTENSION = vst;
			};
			name = Release;
		};
		060CB34BE05E70C931FDECEB = {
			isa = XCBuildConfiguration;
			buildSettings = {
				CLANG_CXX_LANGUAGE_STANDARD = "c++14";
				CLANG_CXX_LIBRARY = "libc++";
				CLANG_LINK_OBJC_RUNTIME = NO;
				CODE_SIGN_IDENTITY = "";
				COMBINE_HIDPI_IMAGES = YES;
				CONFIGURATION_BUILD_DIR = "$(PROJECT_DIR)/build/$(CONFIGURATION)";
				COPY_PHASE_STRIP = NO;
				DEPLOYMENT_LOCATION = YES;
				DSTROOT = /;
				GCC_DYNAMIC_NO_PIC = NO;
				GCC_OPTIMIZATION_LEVEL = 0;
				GCC_PREPROCESSOR_DEFINITIONS = (
					"_DEBUG=1",
					"DEBUG=1",
					"JUCER_XCODE_MAC_F6D2F4CF=1",
					"JUCE_APP_VERSION=0.0.1",
					"JUCE_APP_VERSION_HEX=0x1",
					"JucePlugin_Build_VST=0",
					"JucePlugin_Build_VST3=0",
					"JucePlugin_Build_AU=1",
					"JucePlugin_Build_AUv3=0",
					"JucePlugin_Build_RTAS=0",
					"JucePlugin_Build_AAX=0",
					"JucePlugin_Build_Standalone=0",
					"JucePlugin_Build_Unity=0",
				);
				GCC_VERSION = com.apple.compilers.llvm.clang.1_0;
				GENERATE_PKGINFO_FILE = YES;
				HEADER_SEARCH_PATHS = (
					"/Users/tp3/Documents/Programming/IDEs/JUCE/modules/juce_audio_processors/format_types/VST3_SDK",
					"/Users/tp3/Documents/Programming/IDEs/JUCE/VST3_SDK",
					"../../JuceLibraryCode",
					"/Users/tp3/Documents/Programming/IDEs/JUCE/modules",
					"/Users/tp3/Documents/Programming/IDEs/JUCE/modules/juce_audio_plugin_client",
					"$(inherited)",
				);
				INFOPLIST_FILE = Info-AU.plist;
				INFOPLIST_PREPROCESS = NO;
				INSTALL_PATH = "$(HOME)/Library/Audio/Plug-Ins/Components/";
				LIBRARY_STYLE = Bundle;
				MACOSX_DEPLOYMENT_TARGET = 10.11;
				OTHER_LDFLAGS = "-bundle -lXen\\ MIDI\\ Retuner";
				OTHER_REZFLAGS = "-d ppc_$ppc -d i386_$i386 -d ppc64_$ppc64 -d x86_64_$x86_64 -I /System/Library/Frameworks/CoreServices.framework/Frameworks/CarbonCore.framework/Versions/A/Headers -I \"$(DEVELOPER_DIR)/Extras/CoreAudio/AudioUnits/AUPublic/AUBase\" -I \"$(DEVELOPER_DIR)/Platforms/MacOSX.platform/Developer/SDKs/MacOSX.sdk/System/Library/Frameworks/AudioUnit.framework/Headers\"";
				PRODUCT_BUNDLE_IDENTIFIER = com.TarasPalczynskiIII.XenMIDIRetuner;
				PRODUCT_NAME = "Xen MIDI Retuner";
				USE_HEADERMAP = NO;
				WRAPPER_EXTENSION = component;
			};
			name = Debug;
		};
		0F51F05BCE4554968F2A3A78 = {
			isa = XCBuildConfiguration;
			buildSettings = {
				CLANG_CXX_LANGUAGE_STANDARD = "c++14";
				CLANG_CXX_LIBRARY = "libc++";
				CLANG_LINK_OBJC_RUNTIME = NO;
				CODE_SIGN_IDENTITY = "";
				COMBINE_HIDPI_IMAGES = YES;
				CONFIGURATION_BUILD_DIR = "$(PROJECT_DIR)/build/$(CONFIGURATION)";
				DEAD_CODE_STRIPPING = YES;
				DEPLOYMENT_LOCATION = YES;
				DSTROOT = /;
				GCC_GENERATE_DEBUGGING_SYMBOLS = NO;
				GCC_OPTIMIZATION_LEVEL = 3;
				GCC_PREPROCESSOR_DEFINITIONS = (
					"_NDEBUG=1",
					"NDEBUG=1",
					"JUCER_XCODE_MAC_F6D2F4CF=1",
					"JUCE_APP_VERSION=0.0.1",
					"JUCE_APP_VERSION_HEX=0x1",
					"JucePlugin_Build_VST=0",
					"JucePlugin_Build_VST3=0",
					"JucePlugin_Build_AU=1",
					"JucePlugin_Build_AUv3=0",
					"JucePlugin_Build_RTAS=0",
					"JucePlugin_Build_AAX=0",
					"JucePlugin_Build_Standalone=0",
					"JucePlugin_Build_Unity=0",
				);
				GCC_SYMBOLS_PRIVATE_EXTERN = YES;
				GCC_VERSION = com.apple.compilers.llvm.clang.1_0;
				GENERATE_PKGINFO_FILE = YES;
				HEADER_SEARCH_PATHS = (
					"/Users/tp3/Documents/Programming/IDEs/JUCE/modules/juce_audio_processors/format_types/VST3_SDK",
					"/Users/tp3/Documents/Programming/IDEs/JUCE/VST3_SDK",
					"../../JuceLibraryCode",
					"/Users/tp3/Documents/Programming/IDEs/JUCE/modules",
					"/Users/tp3/Documents/Programming/IDEs/JUCE/modules/juce_audio_plugin_client",
					"$(inherited)",
				);
				INFOPLIST_FILE = Info-AU.plist;
				INFOPLIST_PREPROCESS = NO;
				INSTALL_PATH = "$(HOME)/Library/Audio/Plug-Ins/Components/";
				LIBRARY_STYLE = Bundle;
				LLVM_LTO = YES;
				MACOSX_DEPLOYMENT_TARGET = 10.11;
				OTHER_LDFLAGS = "-bundle -lXen\\ MIDI\\ Retuner";
				OTHER_REZFLAGS = "-d ppc_$ppc -d i386_$i386 -d ppc64_$ppc64 -d x86_64_$x86_64 -I /System/Library/Frameworks/CoreServices.framework/Frameworks/CarbonCore.framework/Versions/A/Headers -I \"$(DEVELOPER_DIR)/Extras/CoreAudio/AudioUnits/AUPublic/AUBase\" -I \"$(DEVELOPER_DIR)/Platforms/MacOSX.platform/Developer/SDKs/MacOSX.sdk/System/Library/Frameworks/AudioUnit.framework/Headers\"";
				PRODUCT_BUNDLE_IDENTIFIER = com.TarasPalczynskiIII.XenMIDIRetuner;
				PRODUCT_NAME = "Xen MIDI Retuner";
				USE_HEADERMAP = NO;
				WRAPPER_EXTENSION = component;
			};
			name = Release;
		};
		42C08B59C8B9BEFE6AC1D41A = {
			isa = XCBuildConfiguration;
			buildSettings = {
				CLANG_CXX_LANGUAGE_STANDARD = "c++14";
				CLANG_CXX_LIBRARY = "libc++";
				CLANG_LINK_OBJC_RUNTIME = NO;
				CODE_SIGN_IDENTITY = "";
				COMBINE_HIDPI_IMAGES = YES;
				CONFIGURATION_BUILD_DIR = "$(PROJECT_DIR)/build/$(CONFIGURATION)";
				COPY_PHASE_STRIP = NO;
				GCC_DYNAMIC_NO_PIC = NO;
				GCC_OPTIMIZATION_LEVEL = 0;
				GCC_PREPROCESSOR_DEFINITIONS = (
					"_DEBUG=1",
					"DEBUG=1",
					"JUCER_XCODE_MAC_F6D2F4CF=1",
					"JUCE_APP_VERSION=0.0.1",
					"JUCE_APP_VERSION_HEX=0x1",
					"JucePlugin_Build_VST=1",
					"JucePlugin_Build_VST3=0",
					"JucePlugin_Build_AU=1",
					"JucePlugin_Build_AUv3=0",
					"JucePlugin_Build_RTAS=0",
					"JucePlugin_Build_AAX=0",
					"JucePlugin_Build_Standalone=0",
					"JucePlugin_Build_Unity=0",
					"JUCE_SHARED_CODE=1",
				);
				GCC_VERSION = com.apple.compilers.llvm.clang.1_0;
				HEADER_SEARCH_PATHS = (
					"/Users/tp3/Documents/Programming/IDEs/JUCE/modules/juce_audio_processors/format_types/VST3_SDK",
					"/Users/tp3/Documents/Programming/IDEs/JUCE/VST3_SDK",
					"../../JuceLibraryCode",
					"/Users/tp3/Documents/Programming/IDEs/JUCE/modules",
					"/Users/tp3/Documents/Programming/IDEs/JUCE/modules/juce_audio_plugin_client",
					"$(inherited)",
				);
				INSTALL_PATH = "@executable_path/../Frameworks";
				MACOSX_DEPLOYMENT_TARGET = 10.11;
				PRODUCT_BUNDLE_IDENTIFIER = com.TarasPalczynskiIII.XenMIDIRetuner;
				PRODUCT_NAME = "Xen MIDI Retuner";
				SKIP_INSTALL = YES;
				USE_HEADERMAP = NO;
			};
			name = Debug;
		};
		074FDA3F6B92AD065B3924FC = {
			isa = XCBuildConfiguration;
			buildSettings = {
				CLANG_CXX_LANGUAGE_STANDARD = "c++14";
				CLANG_CXX_LIBRARY = "libc++";
				CLANG_LINK_OBJC_RUNTIME = NO;
				CODE_SIGN_IDENTITY = "";
				COMBINE_HIDPI_IMAGES = YES;
				CONFIGURATION_BUILD_DIR = "$(PROJECT_DIR)/build/$(CONFIGURATION)";
				DEAD_CODE_STRIPPING = YES;
				GCC_GENERATE_DEBUGGING_SYMBOLS = NO;
				GCC_OPTIMIZATION_LEVEL = 3;
				GCC_PREPROCESSOR_DEFINITIONS = (
					"_NDEBUG=1",
					"NDEBUG=1",
					"JUCER_XCODE_MAC_F6D2F4CF=1",
					"JUCE_APP_VERSION=0.0.1",
					"JUCE_APP_VERSION_HEX=0x1",
					"JucePlugin_Build_VST=1",
					"JucePlugin_Build_VST3=0",
					"JucePlugin_Build_AU=1",
					"JucePlugin_Build_AUv3=0",
					"JucePlugin_Build_RTAS=0",
					"JucePlugin_Build_AAX=0",
					"JucePlugin_Build_Standalone=0",
					"JucePlugin_Build_Unity=0",
					"JUCE_SHARED_CODE=1",
				);
				GCC_SYMBOLS_PRIVATE_EXTERN = YES;
				GCC_VERSION = com.apple.compilers.llvm.clang.1_0;
				HEADER_SEARCH_PATHS = (
					"/Users/tp3/Documents/Programming/IDEs/JUCE/modules/juce_audio_processors/format_types/VST3_SDK",
					"/Users/tp3/Documents/Programming/IDEs/JUCE/VST3_SDK",
					"../../JuceLibraryCode",
					"/Users/tp3/Documents/Programming/IDEs/JUCE/modules",
					"/Users/tp3/Documents/Programming/IDEs/JUCE/modules/juce_audio_plugin_client",
					"$(inherited)",
				);
				INSTALL_PATH = "@executable_path/../Frameworks";
				LLVM_LTO = YES;
				MACOSX_DEPLOYMENT_TARGET = 10.11;
				PRODUCT_BUNDLE_IDENTIFIER = com.TarasPalczynskiIII.XenMIDIRetuner;
				PRODUCT_NAME = "Xen MIDI Retuner";
				SKIP_INSTALL = YES;
				USE_HEADERMAP = NO;
			};
			name = Release;
		};
		EAD1F3ED2EC001DB90DF1068 = {
			isa = XCBuildConfiguration;
			buildSettings = {
				ALWAYS_SEARCH_USER_PATHS = NO;
				CLANG_ENABLE_OBJC_WEAK = YES;
				CLANG_WARN_BLOCK_CAPTURE_AUTORELEASING = YES;
				CLANG_WARN_BOOL_CONVERSION = YES;
				CLANG_WARN_COMMA = YES;
				CLANG_WARN_CONSTANT_CONVERSION = YES;
				CLANG_WARN_DEPRECATED_OBJC_IMPLEMENTATIONS = YES;
				CLANG_WARN_EMPTY_BODY = YES;
				CLANG_WARN_ENUM_CONVERSION = YES;
				CLANG_WARN_INFINITE_RECURSION = YES;
				CLANG_WARN_INT_CONVERSION = YES;
				CLANG_WARN_NON_LITERAL_NULL_CONVERSION = YES;
				CLANG_WARN_OBJC_IMPLICIT_RETAIN_SELF = YES;
				CLANG_WARN_OBJC_LITERAL_CONVERSION = YES;
				CLANG_WARN_RANGE_LOOP_ANALYSIS = YES;
				CLANG_WARN_STRICT_PROTOTYPES = YES;
				CLANG_WARN_SUSPICIOUS_MOVE = YES;
				CLANG_WARN_UNREACHABLE_CODE = YES;
				CLANG_WARN__DUPLICATE_METHOD_MATCH = YES;
				CODE_SIGN_IDENTITY = "";
				DEBUG_INFORMATION_FORMAT = dwarf;
				ENABLE_STRICT_OBJC_MSGSEND = YES;
				ENABLE_TESTABILITY = YES;
				GCC_C_LANGUAGE_STANDARD = c11;
				GCC_INLINES_ARE_PRIVATE_EXTERN = YES;
				GCC_MODEL_TUNING = G5;
				GCC_NO_COMMON_BLOCKS = YES;
				GCC_WARN_64_TO_32_BIT_CONVERSION = YES;
				GCC_WARN_ABOUT_RETURN_TYPE = YES;
				GCC_WARN_CHECK_SWITCH_STATEMENTS = YES;
				GCC_WARN_MISSING_PARENTHESES = YES;
				GCC_WARN_NON_VIRTUAL_DESTRUCTOR = YES;
				GCC_WARN_TYPECHECK_CALLS_TO_PRINTF = YES;
				GCC_WARN_UNDECLARED_SELECTOR = YES;
				GCC_WARN_UNINITIALIZED_AUTOS = YES;
				GCC_WARN_UNUSED_FUNCTION = YES;
				GCC_WARN_UNUSED_VARIABLE = YES;
				ONLY_ACTIVE_ARCH = YES;
				PRODUCT_NAME = "Xen MIDI Retuner";
				SDKROOT = macosx;
				WARNING_CFLAGS = "-Wreorder";
				ZERO_LINK = NO;
			};
			name = Debug;
		};
		3100ED7B7FED1455F48D0069 = {
			isa = XCBuildConfiguration;
			buildSettings = {
				ALWAYS_SEARCH_USER_PATHS = NO;
				CLANG_ENABLE_OBJC_WEAK = YES;
				CLANG_WARN_BLOCK_CAPTURE_AUTORELEASING = YES;
				CLANG_WARN_BOOL_CONVERSION = YES;
				CLANG_WARN_COMMA = YES;
				CLANG_WARN_CONSTANT_CONVERSION = YES;
				CLANG_WARN_DEPRECATED_OBJC_IMPLEMENTATIONS = YES;
				CLANG_WARN_EMPTY_BODY = YES;
				CLANG_WARN_ENUM_CONVERSION = YES;
				CLANG_WARN_INFINITE_RECURSION = YES;
				CLANG_WARN_INT_CONVERSION = YES;
				CLANG_WARN_NON_LITERAL_NULL_CONVERSION = YES;
				CLANG_WARN_OBJC_IMPLICIT_RETAIN_SELF = YES;
				CLANG_WARN_OBJC_LITERAL_CONVERSION = YES;
				CLANG_WARN_RANGE_LOOP_ANALYSIS = YES;
				CLANG_WARN_STRICT_PROTOTYPES = YES;
				CLANG_WARN_SUSPICIOUS_MOVE = YES;
				CLANG_WARN_UNREACHABLE_CODE = YES;
				CLANG_WARN__DUPLICATE_METHOD_MATCH = YES;
				CODE_SIGN_IDENTITY = "";
				DEBUG_INFORMATION_FORMAT = dwarf;
				ENABLE_STRICT_OBJC_MSGSEND = YES;
				GCC_C_LANGUAGE_STANDARD = c11;
				GCC_INLINES_ARE_PRIVATE_EXTERN = YES;
				GCC_MODEL_TUNING = G5;
				GCC_NO_COMMON_BLOCKS = YES;
				GCC_WARN_64_TO_32_BIT_CONVERSION = YES;
				GCC_WARN_ABOUT_RETURN_TYPE = YES;
				GCC_WARN_CHECK_SWITCH_STATEMENTS = YES;
				GCC_WARN_MISSING_PARENTHESES = YES;
				GCC_WARN_NON_VIRTUAL_DESTRUCTOR = YES;
				GCC_WARN_TYPECHECK_CALLS_TO_PRINTF = YES;
				GCC_WARN_UNDECLARED_SELECTOR = YES;
				GCC_WARN_UNINITIALIZED_AUTOS = YES;
				GCC_WARN_UNUSED_FUNCTION = YES;
				GCC_WARN_UNUSED_VARIABLE = YES;
				PRODUCT_NAME = "Xen MIDI Retuner";
				SDKROOT = macosx;
				WARNING_CFLAGS = "-Wreorder";
				ZERO_LINK = NO;
			};
			name = Release;
		};
		05F4D4507415828D14D61FDB = {
			isa = PBXTargetDependency;
			target = 0CC206610BBA38E133172D96;
		};
		4D81AED66045D554B4CE6720 = {
			isa = PBXTargetDependency;
			target = E977DEFE54F7F9F775C60F0F;
		};
		2F2B0140E6497297F7B0DC69 = {
			isa = PBXTargetDependency;
			target = 1B235E72138410DAF61B39A1;
		};
		A6A0D9431C64BFAA48C05070 = {
			isa = XCConfigurationList;
			buildConfigurations = (
				EAD1F3ED2EC001DB90DF1068,
				3100ED7B7FED1455F48D0069,
			);
			defaultConfigurationIsVisible = 0;
			defaultConfigurationName = Debug;
		};
		EB8AAB16119E7CD9EF0B3997 = {
			isa = XCConfigurationList;
			buildConfigurations = (
				96A40CFBC2A3332A5EAFD586,
				4F4BE7410323CB61F35880FE,
			);
			defaultConfigurationIsVisible = 0;
			defaultConfigurationName = Debug;
		};
		66C9F2CDA1BFD8D22C204335 = {
			isa = PBXAggregateTarget;
			buildConfigurationList = EB8AAB16119E7CD9EF0B3997;
			buildPhases = ( );
			buildRules = ( );
			dependencies = (
				05F4D4507415828D14D61FDB,
				4D81AED66045D554B4CE6720,
				2F2B0140E6497297F7B0DC69,
			);
			name = "Xen MIDI Retuner - All";
			productName = "Xen MIDI Retuner";
		};
		755DE06FEC53577946E38CC9 = {
			isa = XCConfigurationList;
			buildConfigurations = (
				66C19B242F26B15FAF4B9567,
				D64375B321626A970D228E78,
			);
			defaultConfigurationIsVisible = 0;
			defaultConfigurationName = Debug;
		};
		C1B5F8B5CEC2267C29030D7D = {
			isa = PBXResourcesBuildPhase;
			buildActionMask = 2147483647;
			files = (
				D9C2E85B96D5D4B408B4A6DF,
			);
			runOnlyForDeploymentPostprocessing = 0;
		};
		7C04C1F130CC2428345DEAD3 = {
			isa = PBXSourcesBuildPhase;
			buildActionMask = 2147483647;
			files = (
				6C0842F239523869C9B5C9EE,
			);
			runOnlyForDeploymentPostprocessing = 0;
		};
		49FEFC221BCC06A9663475DE = {
			isa = PBXFrameworksBuildPhase;
			buildActionMask = 2147483647;
			files = (
				D113FAB490B28B48491321BF,
				8B7262FF22923D852F3E4D6F,
				5D8ADE06FB1AF4167C37B700,
				1EBED048C5DDA514952A41B4,
				2A1FD8741FE7EE4FC9C50121,
				267FD705E6EE3115182FE6F1,
				133C31803932C8C6E2E16ED7,
				B775E6AA428B56B3C2FE8244,
				F694E0B72318FE01C352031E,
				4245A28C956C731E8DD3E6BD,
				0AD234D645BADEA6562440C5,
				B4DA6591EE2925051A61B1AD,
			);
			runOnlyForDeploymentPostprocessing = 0;
		};
		0CC206610BBA38E133172D96 = {
			isa = PBXNativeTarget;
			buildConfigurationList = 755DE06FEC53577946E38CC9;
			buildPhases = (
				C1B5F8B5CEC2267C29030D7D,
				7C04C1F130CC2428345DEAD3,
				49FEFC221BCC06A9663475DE,
			);
			buildRules = ( );
			dependencies = (
				2F2B0140E6497297F7B0DC69,
			);
			name = "Xen MIDI Retuner - VST";
			productName = "Xen MIDI Retuner";
			productReference = 07EEEC68B92336BE272CDC3E;
			productType = "com.apple.product-type.bundle";
		};
		D76A3F9D1D226EF1749E8BE6 = {
			isa = XCConfigurationList;
			buildConfigurations = (
				060CB34BE05E70C931FDECEB,
				0F51F05BCE4554968F2A3A78,
			);
			defaultConfigurationIsVisible = 0;
			defaultConfigurationName = Debug;
		};
		2A6325BE4FB17F8271DD7ABE = {
			isa = PBXResourcesBuildPhase;
			buildActionMask = 2147483647;
			files = (
				D9C2E85B96D5D4B408B4A6DF,
			);
			runOnlyForDeploymentPostprocessing = 0;
		};
		13308D1BBE55C8BBFA856B47 = {
			isa = PBXRezBuildPhase;
			buildActionMask = 2147483647;
			files = (
				D88C57DEF2AB8FAC041BBEEA,
			);
			runOnlyForDeploymentPostprocessing = 0;
		};
		042FE406E0F3C61821BE80B6 = {
			isa = PBXSourcesBuildPhase;
			buildActionMask = 2147483647;
			files = (
				68D2880237435714BB27A498,
				2C893005C319190B8ECE91E5,
			);
			runOnlyForDeploymentPostprocessing = 0;
		};
		8303BC6595461142131A3EBD = {
			isa = PBXFrameworksBuildPhase;
			buildActionMask = 2147483647;
			files = (
				F41446A744F3EE353782E35D,
				D113FAB490B28B48491321BF,
				8B7262FF22923D852F3E4D6F,
				5D8ADE06FB1AF4167C37B700,
				1EBED048C5DDA514952A41B4,
				2A1FD8741FE7EE4FC9C50121,
				267FD705E6EE3115182FE6F1,
				133C31803932C8C6E2E16ED7,
				B775E6AA428B56B3C2FE8244,
				F694E0B72318FE01C352031E,
				4245A28C956C731E8DD3E6BD,
				0AD234D645BADEA6562440C5,
				B4DA6591EE2925051A61B1AD,
			);
			runOnlyForDeploymentPostprocessing = 0;
		};
		E977DEFE54F7F9F775C60F0F = {
			isa = PBXNativeTarget;
			buildConfigurationList = D76A3F9D1D226EF1749E8BE6;
			buildPhases = (
				2A6325BE4FB17F8271DD7ABE,
				13308D1BBE55C8BBFA856B47,
				042FE406E0F3C61821BE80B6,
				8303BC6595461142131A3EBD,
			);
			buildRules = ( );
			dependencies = (
				2F2B0140E6497297F7B0DC69,
			);
			name = "Xen MIDI Retuner - AU";
			productName = "Xen MIDI Retuner";
			productReference = C475EE12587C15C9223CA3EB;
			productType = "com.apple.product-type.bundle";
		};
		BFEAABB15CD794F2CFBAE128 = {
			isa = XCConfigurationList;
			buildConfigurations = (
				42C08B59C8B9BEFE6AC1D41A,
				074FDA3F6B92AD065B3924FC,
			);
			defaultConfigurationIsVisible = 0;
			defaultConfigurationName = Debug;
		};
		EE765F060B03D6CEE5475D3D = {
			isa = PBXSourcesBuildPhase;
			buildActionMask = 2147483647;
			files = (
				A441A3B6016421F65FCDAF57,
				17372AEC0D5E16E464930928,
				03C6F67EAC5A9B746DD0CE67,
				C4EECD3F23C1D751C309C5D3,
				300229EF3A551EB840864D9F,
				FAF24D148BA4B6E05AAF4ADB,
				075D8B75755FF325E83D6762,
				7A4148BF5DD461DB551FF938,
				B2BC02A9FE7155E80DAE91C0,
				A6CD8719005EAB700CB6828F,
				43CEB0E75EA857E81655D1CF,
				3F8470D5E514FEEAA2BF7C58,
				CD76D6935FC5502C5CE36DB3,
				CB10532CE9D9B4FF4DA2075B,
				14930B4A35406B7EB2360012,
				C6941F1E0F518BAEFE4EBBB1,
				112B15BD09684996468CAD5D,
				A81646E03D98335A5BDD79AE,
				45DCEE8AF90753A70C7D5C3D,
				2574247AB5C0706BA90A01E2,
				7AE31471146EF121F4293BC9,
				80D6E2D533BABBA66D780BF7,
				7683B39FA03BE01C828C366D,
				66AAAB7F8987676B58C1756C,
				3144BC4C91B7909DB067BC21,
				1BF8670898D37ECB174B0019,
				5AF441C190AE0BFA4AC7A750,
				70F969EBC69208CAE0A5B99D,
				2B312278B683291793B3A0A5,
				FAD52735A832F9E68D23C5B3,
				F24D94FCA9A22F3E82C7C240,
				9D360C62B25F7AD4C1F24F83,
				6EA6813E16C5E62191D991ED,
			);
			runOnlyForDeploymentPostprocessing = 0;
		};
		1B235E72138410DAF61B39A1 = {
			isa = PBXNativeTarget;
			buildConfigurationList = BFEAABB15CD794F2CFBAE128;
			buildPhases = (
				EE765F060B03D6CEE5475D3D,
			);
			buildRules = ( );
			dependencies = ( );
			name = "Xen MIDI Retuner - Shared Code";
			productName = "Xen MIDI Retuner";
			productReference = EF6D4CD03742CA13669D205C;
			productType = "com.apple.product-type.library.static";
		};
		6C3C77C9C265F36A0D8AE654 = {
			isa = PBXProject;
			buildConfigurationList = A6A0D9431C64BFAA48C05070;
			attributes = { LastUpgradeCheck = 1100; ORGANIZATIONNAME = "Taras Palczynski III"; TargetAttributes = { 66C9F2CDA1BFD8D22C204335 = { SystemCapabilities = {com.apple.ApplicationGroups.iOS = { enabled = 0; }; com.apple.InAppPurchase = { enabled = 0; }; com.apple.InterAppAudio = { enabled = 0; }; com.apple.Push = { enabled = 0; }; com.apple.Sandbox = { enabled = 0; }; com.apple.HardenedRuntime = { enabled = 0; }; }; };0CC206610BBA38E133172D96 = { SystemCapabilities = {com.apple.ApplicationGroups.iOS = { enabled = 0; }; com.apple.InAppPurchase = { enabled = 0; }; com.apple.InterAppAudio = { enabled = 0; }; com.apple.Push = { enabled = 0; }; com.apple.Sandbox = { enabled = 0; }; com.apple.HardenedRuntime = { enabled = 0; }; }; };E977DEFE54F7F9F775C60F0F = { SystemCapabilities = {com.apple.ApplicationGroups.iOS = { enabled = 0; }; com.apple.InAppPurchase = { enabled = 0; }; com.apple.InterAppAudio = { enabled = 0; }; com.apple.Push = { enabled = 0; }; com.apple.Sandbox = { enabled = 0; }; com.apple.HardenedRuntime = { enabled = 0; }; }; };1B235E72138410DAF61B39A1 = { SystemCapabilities = {com.apple.ApplicationGroups.iOS = { enabled = 0; }; com.apple.InAppPurchase = { enabled = 0; }; com.apple.InterAppAudio = { enabled = 0; }; com.apple.Push = { enabled = 0; }; com.apple.Sandbox = { enabled = 0; }; com.apple.HardenedRuntime = { enabled = 0; }; }; }; }; };
			compatibilityVersion = "Xcode 3.2";
			hasScannedForEncodings = 0;
			mainGroup = 4DA21E5653614B4EAF13BFCC;
			projectDirPath = "";
			projectRoot = "";
			targets = (66C9F2CDA1BFD8D22C204335, 0CC206610BBA38E133172D96, E977DEFE54F7F9F775C60F0F, 1B235E72138410DAF61B39A1);
			knownRegions = (en, Base);
		};
	};
	rootObject = 6C3C77C9C265F36A0D8AE654;
}
